<Solution>
  <Project Path="VContainer.csproj" />
  <Project Path="ColyseusSDK.csproj" />
  <Project Path="Assembly-CSharp.csproj" />
  <Project Path="Colyseus.Editor.Tests.csproj" />
  <Project Path="UnityHFSM.csproj" />
  <Project Path="Assembly-CSharp-Editor.csproj" />
  <Project Path="Assembly-CSharp-firstpass.csproj" />
  <Project Path="VContainer.Editor.csproj" />
</Solution>
